version = 1
revision = 3
requires-python = ">=3.13"

[[package]]
name = "pyrefly"
version = "0.55.0"
source = { registry = "https://pypi.org/simple" }
sdist = { url = "https://files.pythonhosted.org/packages/bf/c4/76e0797215e62d007f81f86c9c4fb5d6202685a3f5e70810f3fd94294f92/pyrefly-0.55.0.tar.gz", hash = "sha256:434c3282532dd4525c4840f2040ed0eb79b0ec8224fe18d957956b15471f2441", size = 5135682, upload-time = "2026-03-03T00:46:38.122Z" }
wheels = [
    { url = "https://files.pythonhosted.org/packages/39/b0/16e50cf716784513648e23e726a24f71f9544aa4f86103032dcaa5ff71a2/pyrefly-0.55.0-py3-none-macosx_10_12_x86_64.whl", hash = "sha256:49aafcefe5e2dd4256147db93e5b0ada42bff7d9a60db70e03d1f7055338eec9", size = 12210073, upload-time = "2026-03-03T00:46:15.51Z" },
    { url = "https://files.pythonhosted.org/packages/3a/ad/89500c01bac3083383011600370289fbc67700c5be46e781787392628a3a/pyrefly-0.55.0-py3-none-macosx_11_0_arm64.whl", hash = "sha256:2827426e6b28397c13badb93c0ede0fb0f48046a7a89e3d774cda04e8e2067cd", size = 11767474, upload-time = "2026-03-03T00:46:18.003Z" },
    { url = "https://files.pythonhosted.org/packages/78/68/4c66b260f817f304ead11176ff13985625f7c269e653304b4bdb546551af/pyrefly-0.55.0-py3-none-manylinux_2_17_aarch64.manylinux2014_aarch64.whl", hash = "sha256:7346b2d64dc575bd61aa3bca854fbf8b5a19a471cbdb45e0ca1e09861b63488c", size = 33260395, upload-time = "2026-03-03T00:46:20.509Z" },
    { url = "https://files.pythonhosted.org/packages/47/09/10bd48c9f860064f29f412954126a827d60f6451512224912c265e26bbe6/pyrefly-0.55.0-py3-none-manylinux_2_17_i686.manylinux2014_i686.whl", hash = "sha256:233b861b4cff008b1aff62f4f941577ed752e4d0060834229eb9b6826e6973c9", size = 35848269, upload-time = "2026-03-03T00:46:23.418Z" },
    { url = "https://files.pythonhosted.org/packages/a9/39/bc65cdd5243eb2dfea25dd1321f9a5a93e8d9c3a308501c4c6c05d011585/pyrefly-0.55.0-py3-none-manylinux_2_17_x86_64.manylinux2014_x86_64.whl", hash = "sha256:f5aa85657d76da1d25d081a49f0e33c8fc3ec91c1a0f185a8ed393a5a3d9e178", size = 38449820, upload-time = "2026-03-03T00:46:26.309Z" },
    { url = "https://files.pythonhosted.org/packages/e5/64/58b38963b011af91209e87f868cc85cfc762ec49a4568ce610c45e7a5f40/pyrefly-0.55.0-py3-none-win32.whl", hash = "sha256:23f786a78536a56fed331b245b7d10ec8945bebee7b723491c8d66fdbc155fe6", size = 11259415, upload-time = "2026-03-03T00:46:30.875Z" },
    { url = "https://files.pythonhosted.org/packages/7a/0b/a4aa519ff632a1ea69eec942566951670b870b99b5c08407e1387b85b6a4/pyrefly-0.55.0-py3-none-win_amd64.whl", hash = "sha256:d465b49e999b50eeb069ad23f0f5710651cad2576f9452a82991bef557df91ee", size = 12043581, upload-time = "2026-03-03T00:46:33.674Z" },
    { url = "https://files.pythonhosted.org/packages/f1/51/89017636fbe1ffd166ad478990c6052df615b926182fa6d3c0842b407e89/pyrefly-0.55.0-py3-none-win_arm64.whl", hash = "sha256:732ff490e0e863b296e7c0b2471e08f8ba7952f9fa6e9de09d8347fd67dde77f", size = 11548076, upload-time = "2026-03-03T00:46:36.193Z" },
]

[[package]]
name = "tester"
version = "0.1.0"
source = { virtual = "." }
dependencies = [
    { name = "pyrefly" },
]

[package.metadata]
requires-dist = [{ name = "pyrefly", specifier = ">=0.55.0" }]
