version = 1
revision = 3
requires-python = ">=3.14"

[[package]]
name = "flake8"
version = "7.3.0"
source = { registry = "https://pypi.org/simple" }
dependencies = [
    { name = "mccabe" },
    { name = "pycodestyle" },
    { name = "pyflakes" },
]
sdist = { url = "https://files.pythonhosted.org/packages/9b/af/fbfe3c4b5a657d79e5c47a2827a362f9e1b763336a52f926126aa6dc7123/flake8-7.3.0.tar.gz", hash = "sha256:fe044858146b9fc69b551a4b490d69cf960fcb78ad1edcb84e7fbb1b4a8e3872", size = 48326, upload-time = "2025-06-20T19:31:35.838Z" }
wheels = [
    { url = "https://files.pythonhosted.org/packages/9f/56/13ab06b4f93ca7cac71078fbe37fcea175d3216f31f85c3168a6bbd0bb9a/flake8-7.3.0-py2.py3-none-any.whl", hash = "sha256:b9696257b9ce8beb888cdbe31cf885c90d31928fe202be0889a7cdafad32f01e", size = 57922, upload-time = "2025-06-20T19:31:34.425Z" },
]

[[package]]
name = "mccabe"
version = "0.7.0"
source = { registry = "https://pypi.org/simple" }
sdist = { url = "https://files.pythonhosted.org/packages/e7/ff/0ffefdcac38932a54d2b5eed4e0ba8a408f215002cd178ad1df0f2806ff8/mccabe-0.7.0.tar.gz", hash = "sha256:348e0240c33b60bbdf4e523192ef919f28cb2c3d7d5c7794f74009290f236325", size = 9658, upload-time = "2022-01-24T01:14:51.113Z" }
wheels = [
    { url = "https://files.pythonhosted.org/packages/27/1a/1f68f9ba0c207934b35b86a8ca3aad8395a3d6dd7921c0686e23853ff5a9/mccabe-0.7.0-py2.py3-none-any.whl", hash = "sha256:6c2d30ab6be0e4a46919781807b4f0d834ebdd6c6e3dca0bda5a15f863427b6e", size = 7350, upload-time = "2022-01-24T01:14:49.62Z" },
]

[[package]]
name = "pycodestyle"
version = "2.14.0"
source = { registry = "https://pypi.org/simple" }
sdist = { url = "https://files.pythonhosted.org/packages/11/e0/abfd2a0d2efe47670df87f3e3a0e2edda42f055053c85361f19c0e2c1ca8/pycodestyle-2.14.0.tar.gz", hash = "sha256:c4b5b517d278089ff9d0abdec919cd97262a3367449ea1c8b49b91529167b783", size = 39472, upload-time = "2025-06-20T18:49:48.75Z" }
wheels = [
    { url = "https://files.pythonhosted.org/packages/d7/27/a58ddaf8c588a3ef080db9d0b7e0b97215cee3a45df74f3a94dbbf5c893a/pycodestyle-2.14.0-py2.py3-none-any.whl", hash = "sha256:dd6bf7cb4ee77f8e016f9c8e74a35ddd9f67e1d5fd4184d86c3b98e07099f42d", size = 31594, upload-time = "2025-06-20T18:49:47.491Z" },
]

[[package]]
name = "pyflakes"
version = "3.4.0"
source = { registry = "https://pypi.org/simple" }
sdist = { url = "https://files.pythonhosted.org/packages/45/dc/fd034dc20b4b264b3d015808458391acbf9df40b1e54750ef175d39180b1/pyflakes-3.4.0.tar.gz", hash = "sha256:b24f96fafb7d2ab0ec5075b7350b3d2d2218eab42003821c06344973d3ea2f58", size = 64669, upload-time = "2025-06-20T18:45:27.834Z" }
wheels = [
    { url = "https://files.pythonhosted.org/packages/c2/2f/81d580a0fb83baeb066698975cb14a618bdbed7720678566f1b046a95fe8/pyflakes-3.4.0-py2.py3-none-any.whl", hash = "sha256:f742a7dbd0d9cb9ea41e9a24a918996e8170c799fa528688d40dd582c8265f4f", size = 63551, upload-time = "2025-06-20T18:45:26.937Z" },
]

[[package]]
name = "pyrefly"
version = "0.50.0"
source = { registry = "https://pypi.org/simple" }
sdist = { url = "https://files.pythonhosted.org/packages/b5/fd/3de73c11f5f5f9bc493840d54bdac70c7ae7862f4afe3ad6c07b64e21917/pyrefly-0.50.0.tar.gz", hash = "sha256:55daafb02d8cfde54de5f6872a20059a9e34350bff47ec12b8b4f279eac3b8f5", size = 4890579, upload-time = "2026-01-26T21:04:12.475Z" }
wheels = [
    { url = "https://files.pythonhosted.org/packages/bf/3a/a0267459efc61a7bb6e5281ab5a41c4a16a10dce8acbd7376f2956a59b2e/pyrefly-0.50.0-py3-none-macosx_10_12_x86_64.whl", hash = "sha256:c997844857f72e9edf6365c05b58ac1b9176572b7d4a86153e95cebcf1b06dda", size = 11826217, upload-time = "2026-01-26T21:03:53.96Z" },
    { url = "https://files.pythonhosted.org/packages/f1/20/3bc1f05efabe36e0cfbce9cdd8043261e4237c3af0feabd60a985aad4645/pyrefly-0.50.0-py3-none-macosx_11_0_arm64.whl", hash = "sha256:f630a47bfb65cf0baa094daee19c0d6c1ee18800b598353accca2a3bb347d65c", size = 11407127, upload-time = "2026-01-26T21:03:56.239Z" },
    { url = "https://files.pythonhosted.org/packages/c5/67/c161542c45d8f37666b8f55fcf5a096e9f90bef0682227f2713135e5ac5f/pyrefly-0.50.0-py3-none-manylinux_2_17_aarch64.manylinux2014_aarch64.whl", hash = "sha256:6e521bfbb730aa143e415457a4c11f9486ede5cd5f142b8b2446d4a6a1a22aef", size = 32317816, upload-time = "2026-01-26T21:03:58.73Z" },
    { url = "https://files.pythonhosted.org/packages/53/80/9887e4d3036184485a64b0353529d83938eefdc43ea60b9b5ce34ea782df/pyrefly-0.50.0-py3-none-manylinux_2_17_i686.manylinux2014_i686.whl", hash = "sha256:457b3c8267749fa82fe9555813c18707278fd3d11442aa3b85008b60c53fbfc1", size = 34569414, upload-time = "2026-01-26T21:04:01.211Z" },
    { url = "https://files.pythonhosted.org/packages/e7/07/95ebd93237ee646cc14a310380ec2a59fa8a87e5cefc91a832e902f88356/pyrefly-0.50.0-py3-none-manylinux_2_17_x86_64.manylinux2014_x86_64.whl", hash = "sha256:92d6c908f63a9e484a3865f5995c0a9d4dd6f8e66aec6e911f2051b51d18c148", size = 35695334, upload-time = "2026-01-26T21:04:04.036Z" },
    { url = "https://files.pythonhosted.org/packages/c5/97/fc5f992a12713459c41124d7762df23ed9a78eb796a1adf7b1ea2c0b6104/pyrefly-0.50.0-py3-none-win32.whl", hash = "sha256:1ebbc5796b6d6b8b6937500c3c51ef22b4d607e5f100e170c104ea2832c22bbe", size = 10828039, upload-time = "2026-01-26T21:04:06.554Z" },
    { url = "https://files.pythonhosted.org/packages/02/fd/8aefef009268346b60cfa02c087efb8a587cf4bdc630ce5a072c59a765e4/pyrefly-0.50.0-py3-none-win_amd64.whl", hash = "sha256:dae33a7023fd85acbf8ba8b4d8488bc897e92f7439016db10d8e38c3de21ba30", size = 11585740, upload-time = "2026-01-26T21:04:08.558Z" },
    { url = "https://files.pythonhosted.org/packages/3e/8b/4ffcab526a92611b3d5c9ca3eab8d98b6a935ee11e58ee7cdbe9499bd1d9/pyrefly-0.50.0-py3-none-win_arm64.whl", hash = "sha256:7ce692c8262ef9bc877b735e6b4ec053dac119ed64d4cad51aa9d8c285cfb549", size = 11119646, upload-time = "2026-01-26T21:04:10.515Z" },
]

[[package]]
name = "tester"
version = "0.1.0"
source = { virtual = "." }
dependencies = [
    { name = "flake8" },
    { name = "pyrefly" },
]

[package.metadata]
requires-dist = [
    { name = "flake8", specifier = ">=7.3.0" },
    { name = "pyrefly", specifier = ">=0.50.0" },
]
